# This file is automatically @generated by Cargo.
# It is not intended for manual editing.
version = 4

[[package]]
name = "exhaustigen"
version = "0.1.0"
source = "registry+https://github.com/rust-lang/crates.io-index"
checksum = "7d88f747710a968a0a32ce4c4ae90ead21dc36a06aceabbb4367452679a95eb6"

[[package]]
name = "insertion_point"
version = "0.1.0"
dependencies = [
 "exhaustigen",
]
